
Microsoft Visual Studio Solution File, Format Version 12.00
# Visual Studio Version 17
VisualStudioVersion = 17.8.34408.163
MinimumVisualStudioVersion = 10.0.40219.1
Project("{FAE04EC0-301F-11D3-BF4B-00C04F79EFBC}") = "Lab 1-Lokesh", "Lab 1-Lokesh\Lab 1-Lokesh.csproj", "{94D6558D-A7E1-4133-AE45-17C5863BF98E}"
EndProject
Global
	GlobalSection(SolutionConfigurationPlatforms) = preSolution
		Debug|Any CPU = Debug|Any CPU
		Release|Any CPU = Release|Any CPU
	EndGlobalSection
	GlobalSection(ProjectConfigurationPlatforms) = postSolution
		{94D6558D-A7E1-4133-AE45-17C5863BF98E}.Debug|Any CPU.ActiveCfg = Debug|Any CPU
		{94D6558D-A7E1-4133-AE45-17C5863BF98E}.Debug|Any CPU.Build.0 = Debug|Any CPU
		{94D6558D-A7E1-4133-AE45-17C5863BF98E}.Release|Any CPU.ActiveCfg = Release|Any CPU
		{94D6558D-A7E1-4133-AE45-17C5863BF98E}.Release|Any CPU.Build.0 = Release|Any CPU
	EndGlobalSection
	GlobalSection(SolutionProperties) = preSolution
		HideSolutionNode = FALSE
	EndGlobalSection
	GlobalSection(ExtensibilityGlobals) = postSolution
		SolutionGuid = {FC871042-90B3-4418-B3D4-1DF214FA0437}
	EndGlobalSection
EndGlobal
